# This file was autogenerated by Stack.
# You should not edit this file by hand.
# For more information, please see the documentation at:
#   https://docs.haskellstack.org/en/stable/topics/lock_files

packages:
- completed:
    hackage: vty-windows-0.2.0.0@sha256:91a11bab7bb79f8ee0d4a8166824ed855251cbac101eed3fdf607ad519a13557,2815
    pantry-tree:
      sha256: 50d343eb4df5d1901b1773baeaff8ae7c6a88204d0997430e26f0dc50a1a63eb
      size: 2160
  original:
    hackage: vty-windows-0.2.0.0
snapshots:
- completed:
    sha256: 238fa745b64f91184f9aa518fe04bdde6552533d169b0da5256670df83a0f1a9
    size: 721141
    url: https://raw.githubusercontent.com/commercialhaskell/stackage-snapshots/master/lts/22/44.yaml
  original: lts-22.44
