# This file was autogenerated by Stack.
# You should not edit this file by hand.
# For more information, please see the documentation at:
#   https://docs.haskellstack.org/en/stable/topics/lock_files

packages:
- completed:
    hackage: flock-0.3.2.1@sha256:621faa36646ccd1c33a654f7e4fcdf3843dcbf12fbf4b3aade3e9cf90441deb4,1093
    pantry-tree:
      sha256: 2483a4e7f16f7f34539aa547983d4926d073197d1ad47bdaa78560f2de35bf97
      size: 349
  original:
    hackage: flock-0.3.2.1
snapshots:
- completed:
    sha256: 238fa745b64f91184f9aa518fe04bdde6552533d169b0da5256670df83a0f1a9
    size: 721141
    url: https://raw.githubusercontent.com/commercialhaskell/stackage-snapshots/master/lts/22/44.yaml
  original: lts-22.44
